
Microsoft Visual Studio Solution File, Format Version 12.00
# Visual Studio Version 17
VisualStudioVersion = 17.0.32014.148
MinimumVisualStudioVersion = 10.0.40219.1
Project("{FAE04EC0-301F-11D3-BF4B-00C04F79EFBC}") = "CSharpIntermediateAccessModifiers", "CSharpIntermediateAccessModifiers\CSharpIntermediateAccessModifiers.csproj", "{CEC09ED8-2A34-4A55-A102-07BFB8B31C50}"
EndProject
Global
	GlobalSection(SolutionConfigurationPlatforms) = preSolution
		Debug|Any CPU = Debug|Any CPU
		Release|Any CPU = Release|Any CPU
	EndGlobalSection
	GlobalSection(ProjectConfigurationPlatforms) = postSolution
		{CEC09ED8-2A34-4A55-A102-07BFB8B31C50}.Debug|Any CPU.ActiveCfg = Debug|Any CPU
		{CEC09ED8-2A34-4A55-A102-07BFB8B31C50}.Debug|Any CPU.Build.0 = Debug|Any CPU
		{CEC09ED8-2A34-4A55-A102-07BFB8B31C50}.Release|Any CPU.ActiveCfg = Release|Any CPU
		{CEC09ED8-2A34-4A55-A102-07BFB8B31C50}.Release|Any CPU.Build.0 = Release|Any CPU
	EndGlobalSection
	GlobalSection(SolutionProperties) = preSolution
		HideSolutionNode = FALSE
	EndGlobalSection
	GlobalSection(ExtensibilityGlobals) = postSolution
		SolutionGuid = {A45522CB-F1B5-467A-9B4C-6E12E4141912}
	EndGlobalSection
EndGlobal
